
Microsoft Visual Studio Solution File, Format Version 12.00
# Visual Studio Version 17
VisualStudioVersion = 17.7.34009.444
MinimumVisualStudioVersion = 10.0.40219.1
Project("{9A19103F-16F7-4668-BE54-9A1E7A4F7556}") = "BT2", "BT2\BT2.csproj", "{7E3B8E40-3372-439D-94C2-14587E747858}"
EndProject
Project("{9A19103F-16F7-4668-BE54-9A1E7A4F7556}") = "BT1", "BT1\BT1.csproj", "{8BB97D67-6261-4AF2-8B7C-C7E6C5440BB0}"
EndProject
Project("{9A19103F-16F7-4668-BE54-9A1E7A4F7556}") = "BT3", "BT3\BT3.csproj", "{F3121BE0-5E53-4CAF-9C90-3E54797A7D9F}"
EndProject
Project("{9A19103F-16F7-4668-BE54-9A1E7A4F7556}") = "BT4", "BT4\BT4.csproj", "{07E836D3-A3F2-4792-A398-D0037404AD8D}"
EndProject
Project("{FAE04EC0-301F-11D3-BF4B-00C04F79EFBC}") = "BTVN1", "BTVN1\BTVN1.csproj", "{369BC9A9-1854-47CC-9CCB-C1965DA843AC}"
EndProject
Project("{FAE04EC0-301F-11D3-BF4B-00C04F79EFBC}") = "BTVN2", "BTVN2\BTVN2.csproj", "{A67DBE6C-2D10-454C-BB95-6BBB26B4717F}"
EndProject
Global
	GlobalSection(SolutionConfigurationPlatforms) = preSolution
		Debug|Any CPU = Debug|Any CPU
		Release|Any CPU = Release|Any CPU
	EndGlobalSection
	GlobalSection(ProjectConfigurationPlatforms) = postSolution
		{7E3B8E40-3372-439D-94C2-14587E747858}.Debug|Any CPU.ActiveCfg = Debug|Any CPU
		{7E3B8E40-3372-439D-94C2-14587E747858}.Debug|Any CPU.Build.0 = Debug|Any CPU
		{7E3B8E40-3372-439D-94C2-14587E747858}.Release|Any CPU.ActiveCfg = Release|Any CPU
		{7E3B8E40-3372-439D-94C2-14587E747858}.Release|Any CPU.Build.0 = Release|Any CPU
		{8BB97D67-6261-4AF2-8B7C-C7E6C5440BB0}.Debug|Any CPU.ActiveCfg = Debug|Any CPU
		{8BB97D67-6261-4AF2-8B7C-C7E6C5440BB0}.Debug|Any CPU.Build.0 = Debug|Any CPU
		{8BB97D67-6261-4AF2-8B7C-C7E6C5440BB0}.Release|Any CPU.ActiveCfg = Release|Any CPU
		{8BB97D67-6261-4AF2-8B7C-C7E6C5440BB0}.Release|Any CPU.Build.0 = Release|Any CPU
		{F3121BE0-5E53-4CAF-9C90-3E54797A7D9F}.Debug|Any CPU.ActiveCfg = Debug|Any CPU
		{F3121BE0-5E53-4CAF-9C90-3E54797A7D9F}.Debug|Any CPU.Build.0 = Debug|Any CPU
		{F3121BE0-5E53-4CAF-9C90-3E54797A7D9F}.Release|Any CPU.ActiveCfg = Release|Any CPU
		{F3121BE0-5E53-4CAF-9C90-3E54797A7D9F}.Release|Any CPU.Build.0 = Release|Any CPU
		{07E836D3-A3F2-4792-A398-D0037404AD8D}.Debug|Any CPU.ActiveCfg = Debug|Any CPU
		{07E836D3-A3F2-4792-A398-D0037404AD8D}.Debug|Any CPU.Build.0 = Debug|Any CPU
		{07E836D3-A3F2-4792-A398-D0037404AD8D}.Release|Any CPU.ActiveCfg = Release|Any CPU
		{07E836D3-A3F2-4792-A398-D0037404AD8D}.Release|Any CPU.Build.0 = Release|Any CPU
		{369BC9A9-1854-47CC-9CCB-C1965DA843AC}.Debug|Any CPU.ActiveCfg = Debug|Any CPU
		{369BC9A9-1854-47CC-9CCB-C1965DA843AC}.Debug|Any CPU.Build.0 = Debug|Any CPU
		{369BC9A9-1854-47CC-9CCB-C1965DA843AC}.Release|Any CPU.ActiveCfg = Release|Any CPU
		{369BC9A9-1854-47CC-9CCB-C1965DA843AC}.Release|Any CPU.Build.0 = Release|Any CPU
		{A67DBE6C-2D10-454C-BB95-6BBB26B4717F}.Debug|Any CPU.ActiveCfg = Debug|Any CPU
		{A67DBE6C-2D10-454C-BB95-6BBB26B4717F}.Debug|Any CPU.Build.0 = Debug|Any CPU
		{A67DBE6C-2D10-454C-BB95-6BBB26B4717F}.Release|Any CPU.ActiveCfg = Release|Any CPU
		{A67DBE6C-2D10-454C-BB95-6BBB26B4717F}.Release|Any CPU.Build.0 = Release|Any CPU
	EndGlobalSection
	GlobalSection(SolutionProperties) = preSolution
		HideSolutionNode = FALSE
	EndGlobalSection
	GlobalSection(ExtensibilityGlobals) = postSolution
		SolutionGuid = {44673F2C-925B-4067-BB75-DBD390CEB6A8}
	EndGlobalSection
EndGlobal
